
Microsoft Visual Studio Solution File, Format Version 12.00
# Visual Studio Version 16
VisualStudioVersion = 16.0.30413.136
MinimumVisualStudioVersion = 10.0.40219.1
Project("{FAE04EC0-301F-11D3-BF4B-00C04F79EFBC}") = "Proto-Germanic Approximator", "Proto-Germanic Approximator.csproj", "{BFB4719A-14C2-42F8-9E25-BA36544CA4A3}"
EndProject
Global
	GlobalSection(SolutionConfigurationPlatforms) = preSolution
		Debug|Any CPU = Debug|Any CPU
		Release|Any CPU = Release|Any CPU
	EndGlobalSection
	GlobalSection(ProjectConfigurationPlatforms) = postSolution
		{BFB4719A-14C2-42F8-9E25-BA36544CA4A3}.Debug|Any CPU.ActiveCfg = Debug|Any CPU
		{BFB4719A-14C2-42F8-9E25-BA36544CA4A3}.Debug|Any CPU.Build.0 = Debug|Any CPU
		{BFB4719A-14C2-42F8-9E25-BA36544CA4A3}.Release|Any CPU.ActiveCfg = Release|Any CPU
		{BFB4719A-14C2-42F8-9E25-BA36544CA4A3}.Release|Any CPU.Build.0 = Release|Any CPU
	EndGlobalSection
	GlobalSection(SolutionProperties) = preSolution
		HideSolutionNode = FALSE
	EndGlobalSection
	GlobalSection(ExtensibilityGlobals) = postSolution
		SolutionGuid = {BD7E62B6-928D-4BC6-B99F-49E0E4FFB1B4}
	EndGlobalSection
EndGlobal
